// !$*UTF8*$!
{
	archiveVersion = 1;
	classes = {
	};
	objectVersion = 46;
	objects = {

/* Begin PBXBuildFile section */
		022CD621E78CF1F2FCA442E8 /* Pods_TwitterCloneAppReactiveTests.framework in Frameworks */ = {isa = PBXBuildFile; fileRef = 8732739CEB0793C0F61E18F9 /* Pods_TwitterCloneAppReactiveTests.framework */; };
		147979B6673C92F07B490BBF /* Pods_TwitterCloneAppReactiveUITests.framework in Frameworks */ = {isa = PBXBuildFile; fileRef = 54ABDB6FDC284660BA803B09 /* Pods_TwitterCloneAppReactiveUITests.framework */; };
		4F6212A6490BAC2253E5F6D4 /* Pods_TwitterCloneAppReactive.framework in Frameworks */ = {isa = PBXBuildFile; fileRef = 9FA57C9D3418223263FE7B98 /* Pods_TwitterCloneAppReactive.framework */; };
		6C0921751EAE29A400D1618F /* AppDelegate.swift in Sources */ = {isa = PBXBuildFile; fileRef = 6C0921741EAE29A400D1618F /* AppDelegate.swift */; };
		6C09217A1EAE29A400D1618F /* Main.storyboard in Resources */ = {isa = PBXBuildFile; fileRef = 6C0921781EAE29A400D1618F /* Main.storyboard */; };
		6C09217C1EAE29A400D1618F /* Assets.xcassets in Resources */ = {isa = PBXBuildFile; fileRef = 6C09217B1EAE29A400D1618F /* Assets.xcassets */; };
		6C09217F1EAE29A400D1618F /* LaunchScreen.storyboard in Resources */ = {isa = PBXBuildFile; fileRef = 6C09217D1EAE29A400D1618F /* LaunchScreen.storyboard */; };
		6C09218A1EAE29A400D1618F /* TwitterCloneAppReactiveTests.swift in Sources */ = {isa = PBXBuildFile; fileRef = 6C0921891EAE29A400D1618F /* TwitterCloneAppReactiveTests.swift */; };
		6C0921951EAE29A400D1618F /* TwitterCloneAppReactiveUITests.swift in Sources */ = {isa = PBXBuildFile; fileRef = 6C0921941EAE29A400D1618F /* TwitterCloneAppReactiveUITests.swift */; };
		6C0921A31EAE358C00D1618F /* TwitterAPIManager.swift in Sources */ = {isa = PBXBuildFile; fileRef = 6C0921A21EAE358C00D1618F /* TwitterAPIManager.swift */; };
		6C0921A51EAE3AD700D1618F /* MoyaAPIManager.swift in Sources */ = {isa = PBXBuildFile; fileRef = 6C0921A41EAE3AD700D1618F /* MoyaAPIManager.swift */; };
		6C0921A71EAE3BCE00D1618F /* RealmManager.swift in Sources */ = {isa = PBXBuildFile; fileRef = 6C0921A61EAE3BCE00D1618F /* RealmManager.swift */; };
		6C0921A91EAE3C0800D1618F /* UserModel.swift in Sources */ = {isa = PBXBuildFile; fileRef = 6C0921A81EAE3C0800D1618F /* UserModel.swift */; };
		6C41A9981EAF81FA002AF037 /* TweetModel.swift in Sources */ = {isa = PBXBuildFile; fileRef = 6C41A9971EAF81FA002AF037 /* TweetModel.swift */; };
		6C49C7C41EB36981001ED48D /* ProfileViewModel.swift in Sources */ = {isa = PBXBuildFile; fileRef = 6C49C7C31EB36981001ED48D /* ProfileViewModel.swift */; };
		6CD9F8821EBB13E700DC1740 /* ConstantString.swift in Sources */ = {isa = PBXBuildFile; fileRef = 6CD9F8811EBB13E700DC1740 /* ConstantString.swift */; };
		6CD9F8841EBB212900DC1740 /* UserTweetModel.swift in Sources */ = {isa = PBXBuildFile; fileRef = 6CD9F8831EBB212900DC1740 /* UserTweetModel.swift */; };
		6CD9F8861EBB271500DC1740 /* EntityTweetModel.swift in Sources */ = {isa = PBXBuildFile; fileRef = 6CD9F8851EBB271500DC1740 /* EntityTweetModel.swift */; };
		6CD9F8881EBB4CC600DC1740 /* SearchViewModel.swift in Sources */ = {isa = PBXBuildFile; fileRef = 6CD9F8871EBB4CC600DC1740 /* SearchViewModel.swift */; };
		6CECCE601EAF842F001BF2A3 /* LoginViewController.swift in Sources */ = {isa = PBXBuildFile; fileRef = 6CECCE5F1EAF842F001BF2A3 /* LoginViewController.swift */; };
		6CECCE621EAF85D3001BF2A3 /* TweetCell.swift in Sources */ = {isa = PBXBuildFile; fileRef = 6CECCE611EAF85D3001BF2A3 /* TweetCell.swift */; };
		6CECCE641EAF85E9001BF2A3 /* TwitterTableViewDelegate.swift in Sources */ = {isa = PBXBuildFile; fileRef = 6CECCE631EAF85E9001BF2A3 /* TwitterTableViewDelegate.swift */; };
		6CECCE691EAF8638001BF2A3 /* HomeTableViewController.swift in Sources */ = {isa = PBXBuildFile; fileRef = 6CECCE651EAF8638001BF2A3 /* HomeTableViewController.swift */; };
		6CECCE6A1EAF8638001BF2A3 /* ProfileViewController.swift in Sources */ = {isa = PBXBuildFile; fileRef = 6CECCE661EAF8638001BF2A3 /* ProfileViewController.swift */; };
		6CECCE6B1EAF8638001BF2A3 /* ComposeViewController.swift in Sources */ = {isa = PBXBuildFile; fileRef = 6CECCE671EAF8638001BF2A3 /* ComposeViewController.swift */; };
		6CECCE6C1EAF8638001BF2A3 /* SearchTableViewController.swift in Sources */ = {isa = PBXBuildFile; fileRef = 6CECCE681EAF8638001BF2A3 /* SearchTableViewController.swift */; };
		6CECCE6E1EAF86FB001BF2A3 /* SearchTableViewCell.swift in Sources */ = {isa = PBXBuildFile; fileRef = 6CECCE6D1EAF86FB001BF2A3 /* SearchTableViewCell.swift */; };
		6CFFF0291EB0DD9600657C13 /* Support.swift in Sources */ = {isa = PBXBuildFile; fileRef = 6CFFF0281EB0DD9600657C13 /* Support.swift */; };
		6CFFF02B1EB0E33F00657C13 /* TweetCellViewModel.swift in Sources */ = {isa = PBXBuildFile; fileRef = 6CFFF02A1EB0E33F00657C13 /* TweetCellViewModel.swift */; };
		6CFFF02F1EB0EB2A00657C13 /* HomeTableViewModel.swift in Sources */ = {isa = PBXBuildFile; fileRef = 6CFFF02E1EB0EB2A00657C13 /* HomeTableViewModel.swift */; };
/* End PBXBuildFile section */

/* Begin PBXContainerItemProxy section */
		6C0921861EAE29A400D1618F /* PBXContainerItemProxy */ = {
			isa = PBXContainerItemProxy;
			containerPortal = 6C0921691EAE29A400D1618F /* Project object */;
			proxyType = 1;
			remoteGlobalIDString = 6C0921701EAE29A400D1618F;
			remoteInfo = TwitterCloneAppReactive;
		};
		6C0921911EAE29A400D1618F /* PBXContainerItemProxy */ = {
			isa = PBXContainerItemProxy;
			containerPortal = 6C0921691EAE29A400D1618F /* Project object */;
			proxyType = 1;
			remoteGlobalIDString = 6C0921701EAE29A400D1618F;
			remoteInfo = TwitterCloneAppReactive;
		};
/* End PBXContainerItemProxy section */

/* Begin PBXFileReference section */
		08E22854B5534E0B7E7CCA2E /* Pods-TwitterCloneAppReactive.debug.xcconfig */ = {isa = PBXFileReference; includeInIndex = 1; lastKnownFileType = text.xcconfig; name = "Pods-TwitterCloneAppReactive.debug.xcconfig"; path = "Pods/Target Support Files/Pods-TwitterCloneAppReactive/Pods-TwitterCloneAppReactive.debug.xcconfig"; sourceTree = "<group>"; };
		2013C4C6DA65ADDFA349EAC3 /* Pods-TwitterCloneAppReactiveUITests.release.xcconfig */ = {isa = PBXFileReference; includeInIndex = 1; lastKnownFileType = text.xcconfig; name = "Pods-TwitterCloneAppReactiveUITests.release.xcconfig"; path = "Pods/Target Support Files/Pods-TwitterCloneAppReactiveUITests/Pods-TwitterCloneAppReactiveUITests.release.xcconfig"; sourceTree = "<group>"; };
		54ABDB6FDC284660BA803B09 /* Pods_TwitterCloneAppReactiveUITests.framework */ = {isa = PBXFileReference; explicitFileType = wrapper.framework; includeInIndex = 0; path = Pods_TwitterCloneAppReactiveUITests.framework; sourceTree = BUILT_PRODUCTS_DIR; };
		6C0921711EAE29A400D1618F /* TwitterCloneAppReactive.app */ = {isa = PBXFileReference; explicitFileType = wrapper.application; includeInIndex = 0; path = TwitterCloneAppReactive.app; sourceTree = BUILT_PRODUCTS_DIR; };
		6C0921741EAE29A400D1618F /* AppDelegate.swift */ = {isa = PBXFileReference; lastKnownFileType = sourcecode.swift; path = AppDelegate.swift; sourceTree = "<group>"; };
		6C0921791EAE29A400D1618F /* Base */ = {isa = PBXFileReference; lastKnownFileType = file.storyboard; name = Base; path = Base.lproj/Main.storyboard; sourceTree = "<group>"; };
		6C09217B1EAE29A400D1618F /* Assets.xcassets */ = {isa = PBXFileReference; lastKnownFileType = folder.assetcatalog; path = Assets.xcassets; sourceTree = "<group>"; };
		6C09217E1EAE29A400D1618F /* Base */ = {isa = PBXFileReference; lastKnownFileType = file.storyboard; name = Base; path = Base.lproj/LaunchScreen.storyboard; sourceTree = "<group>"; };
		6C0921801EAE29A400D1618F /* Info.plist */ = {isa = PBXFileReference; lastKnownFileType = text.plist.xml; path = Info.plist; sourceTree = "<group>"; };
		6C0921851EAE29A400D1618F /* TwitterCloneAppReactiveTests.xctest */ = {isa = PBXFileReference; explicitFileType = wrapper.cfbundle; includeInIndex = 0; path = TwitterCloneAppReactiveTests.xctest; sourceTree = BUILT_PRODUCTS_DIR; };
		6C0921891EAE29A400D1618F /* TwitterCloneAppReactiveTests.swift */ = {isa = PBXFileReference; lastKnownFileType = sourcecode.swift; path = TwitterCloneAppReactiveTests.swift; sourceTree = "<group>"; };
		6C09218B1EAE29A400D1618F /* Info.plist */ = {isa = PBXFileReference; lastKnownFileType = text.plist.xml; path = Info.plist; sourceTree = "<group>"; };
		6C0921901EAE29A400D1618F /* TwitterCloneAppReactiveUITests.xctest */ = {isa = PBXFileReference; explicitFileType = wrapper.cfbundle; includeInIndex = 0; path = TwitterCloneAppReactiveUITests.xctest; sourceTree = BUILT_PRODUCTS_DIR; };
		6C0921941EAE29A400D1618F /* TwitterCloneAppReactiveUITests.swift */ = {isa = PBXFileReference; lastKnownFileType = sourcecode.swift; path = TwitterCloneAppReactiveUITests.swift; sourceTree = "<group>"; };
		6C0921961EAE29A400D1618F /* Info.plist */ = {isa = PBXFileReference; lastKnownFileType = text.plist.xml; path = Info.plist; sourceTree = "<group>"; };
		6C0921A21EAE358C00D1618F /* TwitterAPIManager.swift */ = {isa = PBXFileReference; fileEncoding = 4; lastKnownFileType = sourcecode.swift; path = TwitterAPIManager.swift; sourceTree = "<group>"; };
		6C0921A41EAE3AD700D1618F /* MoyaAPIManager.swift */ = {isa = PBXFileReference; fileEncoding = 4; lastKnownFileType = sourcecode.swift; path = MoyaAPIManager.swift; sourceTree = "<group>"; };
		6C0921A61EAE3BCE00D1618F /* RealmManager.swift */ = {isa = PBXFileReference; fileEncoding = 4; lastKnownFileType = sourcecode.swift; path = RealmManager.swift; sourceTree = "<group>"; };
		6C0921A81EAE3C0800D1618F /* UserModel.swift */ = {isa = PBXFileReference; fileEncoding = 4; lastKnownFileType = sourcecode.swift; path = UserModel.swift; sourceTree = "<group>"; };
		6C41A9971EAF81FA002AF037 /* TweetModel.swift */ = {isa = PBXFileReference; fileEncoding = 4; lastKnownFileType = sourcecode.swift; path = TweetModel.swift; sourceTree = "<group>"; };
		6C49C7C31EB36981001ED48D /* ProfileViewModel.swift */ = {isa = PBXFileReference; fileEncoding = 4; lastKnownFileType = sourcecode.swift; path = ProfileViewModel.swift; sourceTree = "<group>"; };
		6CD9F8811EBB13E700DC1740 /* ConstantString.swift */ = {isa = PBXFileReference; fileEncoding = 4; lastKnownFileType = sourcecode.swift; path = ConstantString.swift; sourceTree = "<group>"; };
		6CD9F8831EBB212900DC1740 /* UserTweetModel.swift */ = {isa = PBXFileReference; fileEncoding = 4; lastKnownFileType = sourcecode.swift; path = UserTweetModel.swift; sourceTree = "<group>"; };
		6CD9F8851EBB271500DC1740 /* EntityTweetModel.swift */ = {isa = PBXFileReference; fileEncoding = 4; lastKnownFileType = sourcecode.swift; path = EntityTweetModel.swift; sourceTree = "<group>"; };
		6CD9F8871EBB4CC600DC1740 /* SearchViewModel.swift */ = {isa = PBXFileReference; fileEncoding = 4; lastKnownFileType = sourcecode.swift; path = SearchViewModel.swift; sourceTree = "<group>"; };
		6CECCE5F1EAF842F001BF2A3 /* LoginViewController.swift */ = {isa = PBXFileReference; fileEncoding = 4; lastKnownFileType = sourcecode.swift; path = LoginViewController.swift; sourceTree = "<group>"; };
		6CECCE611EAF85D3001BF2A3 /* TweetCell.swift */ = {isa = PBXFileReference; fileEncoding = 4; lastKnownFileType = sourcecode.swift; path = TweetCell.swift; sourceTree = "<group>"; };
		6CECCE631EAF85E9001BF2A3 /* TwitterTableViewDelegate.swift */ = {isa = PBXFileReference; fileEncoding = 4; lastKnownFileType = sourcecode.swift; path = TwitterTableViewDelegate.swift; sourceTree = "<group>"; };
		6CECCE651EAF8638001BF2A3 /* HomeTableViewController.swift */ = {isa = PBXFileReference; fileEncoding = 4; lastKnownFileType = sourcecode.swift; path = HomeTableViewController.swift; sourceTree = "<group>"; };
		6CECCE661EAF8638001BF2A3 /* ProfileViewController.swift */ = {isa = PBXFileReference; fileEncoding = 4; lastKnownFileType = sourcecode.swift; path = ProfileViewController.swift; sourceTree = "<group>"; };
		6CECCE671EAF8638001BF2A3 /* ComposeViewController.swift */ = {isa = PBXFileReference; fileEncoding = 4; lastKnownFileType = sourcecode.swift; path = ComposeViewController.swift; sourceTree = "<group>"; };
		6CECCE681EAF8638001BF2A3 /* SearchTableViewController.swift */ = {isa = PBXFileReference; fileEncoding = 4; lastKnownFileType = sourcecode.swift; path = SearchTableViewController.swift; sourceTree = "<group>"; };
		6CECCE6D1EAF86FB001BF2A3 /* SearchTableViewCell.swift */ = {isa = PBXFileReference; fileEncoding = 4; lastKnownFileType = sourcecode.swift; path = SearchTableViewCell.swift; sourceTree = "<group>"; };
		6CFFF0281EB0DD9600657C13 /* Support.swift */ = {isa = PBXFileReference; fileEncoding = 4; lastKnownFileType = sourcecode.swift; path = Support.swift; sourceTree = "<group>"; };
		6CFFF02A1EB0E33F00657C13 /* TweetCellViewModel.swift */ = {isa = PBXFileReference; fileEncoding = 4; lastKnownFileType = sourcecode.swift; path = TweetCellViewModel.swift; sourceTree = "<group>"; };
		6CFFF02E1EB0EB2A00657C13 /* HomeTableViewModel.swift */ = {isa = PBXFileReference; fileEncoding = 4; lastKnownFileType = sourcecode.swift; path = HomeTableViewModel.swift; sourceTree = "<group>"; };
		82AF9E47B87D263F3F790FC8 /* Pods-TwitterCloneAppReactiveTests.debug.xcconfig */ = {isa = PBXFileReference; includeInIndex = 1; lastKnownFileType = text.xcconfig; name = "Pods-TwitterCloneAppReactiveTests.debug.xcconfig"; path = "Pods/Target Support Files/Pods-TwitterCloneAppReactiveTests/Pods-TwitterCloneAppReactiveTests.debug.xcconfig"; sourceTree = "<group>"; };
		8732739CEB0793C0F61E18F9 /* Pods_TwitterCloneAppReactiveTests.framework */ = {isa = PBXFileReference; explicitFileType = wrapper.framework; includeInIndex = 0; path = Pods_TwitterCloneAppReactiveTests.framework; sourceTree = BUILT_PRODUCTS_DIR; };
		8D22CC554E4110C2B35D18AE /* Pods-TwitterCloneAppReactiveUITests.debug.xcconfig */ = {isa = PBXFileReference; includeInIndex = 1; lastKnownFileType = text.xcconfig; name = "Pods-TwitterCloneAppReactiveUITests.debug.xcconfig"; path = "Pods/Target Support Files/Pods-TwitterCloneAppReactiveUITests/Pods-TwitterCloneAppReactiveUITests.debug.xcconfig"; sourceTree = "<group>"; };
		9FA57C9D3418223263FE7B98 /* Pods_TwitterCloneAppReactive.framework */ = {isa = PBXFileReference; explicitFileType = wrapper.framework; includeInIndex = 0; path = Pods_TwitterCloneAppReactive.framework; sourceTree = BUILT_PRODUCTS_DIR; };
		A426835D83F5665775193314 /* Pods-TwitterCloneAppReactiveTests.release.xcconfig */ = {isa = PBXFileReference; includeInIndex = 1; lastKnownFileType = text.xcconfig; name = "Pods-TwitterCloneAppReactiveTests.release.xcconfig"; path = "Pods/Target Support Files/Pods-TwitterCloneAppReactiveTests/Pods-TwitterCloneAppReactiveTests.release.xcconfig"; sourceTree = "<group>"; };
		D5AF12BD47B1285D31A5FE3C /* Pods-TwitterCloneAppReactive.release.xcconfig */ = {isa = PBXFileReference; includeInIndex = 1; lastKnownFileType = text.xcconfig; name = "Pods-TwitterCloneAppReactive.release.xcconfig"; path = "Pods/Target Support Files/Pods-TwitterCloneAppReactive/Pods-TwitterCloneAppReactive.release.xcconfig"; sourceTree = "<group>"; };
/* End PBXFileReference section */

/* Begin PBXFrameworksBuildPhase section */
		6C09216E1EAE29A400D1618F /* Frameworks */ = {
			isa = PBXFrameworksBuildPhase;
			buildActionMask = 2147483647;
			files = (
				4F6212A6490BAC2253E5F6D4 /* Pods_TwitterCloneAppReactive.framework in Frameworks */,
			);
			runOnlyForDeploymentPostprocessing = 0;
		};
		6C0921821EAE29A400D1618F /* Frameworks */ = {
			isa = PBXFrameworksBuildPhase;
			buildActionMask = 2147483647;
			files = (
				022CD621E78CF1F2FCA442E8 /* Pods_TwitterCloneAppReactiveTests.framework in Frameworks */,
			);
			runOnlyForDeploymentPostprocessing = 0;
		};
		6C09218D1EAE29A400D1618F /* Frameworks */ = {
			isa = PBXFrameworksBuildPhase;
			buildActionMask = 2147483647;
			files = (
				147979B6673C92F07B490BBF /* Pods_TwitterCloneAppReactiveUITests.framework in Frameworks */,
			);
			runOnlyForDeploymentPostprocessing = 0;
		};
/* End PBXFrameworksBuildPhase section */

/* Begin PBXGroup section */
		21C1546DB824F190426FFF14 /* Frameworks */ = {
			isa = PBXGroup;
			children = (
				9FA57C9D3418223263FE7B98 /* Pods_TwitterCloneAppReactive.framework */,
				8732739CEB0793C0F61E18F9 /* Pods_TwitterCloneAppReactiveTests.framework */,
				54ABDB6FDC284660BA803B09 /* Pods_TwitterCloneAppReactiveUITests.framework */,
			);
			name = Frameworks;
			sourceTree = "<group>";
		};
		6C0921681EAE29A400D1618F = {
			isa = PBXGroup;
			children = (
				6C0921731EAE29A400D1618F /* TwitterCloneAppReactive */,
				6C0921881EAE29A400D1618F /* TwitterCloneAppReactiveTests */,
				6C0921931EAE29A400D1618F /* TwitterCloneAppReactiveUITests */,
				6C0921721EAE29A400D1618F /* Products */,
				F7081E789B95DEEB21F7589E /* Pods */,
				21C1546DB824F190426FFF14 /* Frameworks */,
			);
			sourceTree = "<group>";
		};
		6C0921721EAE29A400D1618F /* Products */ = {
			isa = PBXGroup;
			children = (
				6C0921711EAE29A400D1618F /* TwitterCloneAppReactive.app */,
				6C0921851EAE29A400D1618F /* TwitterCloneAppReactiveTests.xctest */,
				6C0921901EAE29A400D1618F /* TwitterCloneAppReactiveUITests.xctest */,
			);
			name = Products;
			sourceTree = "<group>";
		};
		6C0921731EAE29A400D1618F /* TwitterCloneAppReactive */ = {
			isa = PBXGroup;
			children = (
				6CECCE751EAF8836001BF2A3 /* Support */,
				6CECCE741EAF882F001BF2A3 /* Manager */,
				6CECCE711EAF8808001BF2A3 /* Model */,
				6CECCE721EAF881C001BF2A3 /* ViewModel */,
				6CECCE731EAF882A001BF2A3 /* View */,
				6C0921781EAE29A400D1618F /* Main.storyboard */,
				6C09217B1EAE29A400D1618F /* Assets.xcassets */,
				6C09217D1EAE29A400D1618F /* LaunchScreen.storyboard */,
				6C0921801EAE29A400D1618F /* Info.plist */,
				6C0921A41EAE3AD700D1618F /* MoyaAPIManager.swift */,
			);
			path = TwitterCloneAppReactive;
			sourceTree = "<group>";
		};
		6C0921881EAE29A400D1618F /* TwitterCloneAppReactiveTests */ = {
			isa = PBXGroup;
			children = (
				6C0921891EAE29A400D1618F /* TwitterCloneAppReactiveTests.swift */,
				6C09218B1EAE29A400D1618F /* Info.plist */,
			);
			path = TwitterCloneAppReactiveTests;
			sourceTree = "<group>";
		};
		6C0921931EAE29A400D1618F /* TwitterCloneAppReactiveUITests */ = {
			isa = PBXGroup;
			children = (
				6C0921941EAE29A400D1618F /* TwitterCloneAppReactiveUITests.swift */,
				6C0921961EAE29A400D1618F /* Info.plist */,
			);
			path = TwitterCloneAppReactiveUITests;
			sourceTree = "<group>";
		};
		6CECCE711EAF8808001BF2A3 /* Model */ = {
			isa = PBXGroup;
			children = (
				6C0921A81EAE3C0800D1618F /* UserModel.swift */,
				6C41A9971EAF81FA002AF037 /* TweetModel.swift */,
				6CD9F8831EBB212900DC1740 /* UserTweetModel.swift */,
				6CD9F8851EBB271500DC1740 /* EntityTweetModel.swift */,
			);
			name = Model;
			sourceTree = "<group>";
		};
		6CECCE721EAF881C001BF2A3 /* ViewModel */ = {
			isa = PBXGroup;
			children = (
				6CFFF02A1EB0E33F00657C13 /* TweetCellViewModel.swift */,
				6CFFF02E1EB0EB2A00657C13 /* HomeTableViewModel.swift */,
				6C49C7C31EB36981001ED48D /* ProfileViewModel.swift */,
				6CD9F8871EBB4CC600DC1740 /* SearchViewModel.swift */,
			);
			name = ViewModel;
			sourceTree = "<group>";
		};
		6CECCE731EAF882A001BF2A3 /* View */ = {
			isa = PBXGroup;
			children = (
				6CECCE5F1EAF842F001BF2A3 /* LoginViewController.swift */,
				6CECCE611EAF85D3001BF2A3 /* TweetCell.swift */,
				6CECCE651EAF8638001BF2A3 /* HomeTableViewController.swift */,
				6CECCE661EAF8638001BF2A3 /* ProfileViewController.swift */,
				6CECCE671EAF8638001BF2A3 /* ComposeViewController.swift */,
				6CECCE6D1EAF86FB001BF2A3 /* SearchTableViewCell.swift */,
				6CECCE681EAF8638001BF2A3 /* SearchTableViewController.swift */,
			);
			name = View;
			sourceTree = "<group>";
		};
		6CECCE741EAF882F001BF2A3 /* Manager */ = {
			isa = PBXGroup;
			children = (
				6CD9F8811EBB13E700DC1740 /* ConstantString.swift */,
				6C0921A21EAE358C00D1618F /* TwitterAPIManager.swift */,
				6C0921A61EAE3BCE00D1618F /* RealmManager.swift */,
			);
			name = Manager;
			sourceTree = "<group>";
		};
		6CECCE751EAF8836001BF2A3 /* Support */ = {
			isa = PBXGroup;
			children = (
				6C0921741EAE29A400D1618F /* AppDelegate.swift */,
				6CECCE631EAF85E9001BF2A3 /* TwitterTableViewDelegate.swift */,
				6CFFF0281EB0DD9600657C13 /* Support.swift */,
			);
			name = Support;
			sourceTree = "<group>";
		};
		F7081E789B95DEEB21F7589E /* Pods */ = {
			isa = PBXGroup;
			children = (
				08E22854B5534E0B7E7CCA2E /* Pods-TwitterCloneAppReactive.debug.xcconfig */,
				D5AF12BD47B1285D31A5FE3C /* Pods-TwitterCloneAppReactive.release.xcconfig */,
				82AF9E47B87D263F3F790FC8 /* Pods-TwitterCloneAppReactiveTests.debug.xcconfig */,
				A426835D83F5665775193314 /* Pods-TwitterCloneAppReactiveTests.release.xcconfig */,
				8D22CC554E4110C2B35D18AE /* Pods-TwitterCloneAppReactiveUITests.debug.xcconfig */,
				2013C4C6DA65ADDFA349EAC3 /* Pods-TwitterCloneAppReactiveUITests.release.xcconfig */,
			);
			name = Pods;
			sourceTree = "<group>";
		};
/* End PBXGroup section */

/* Begin PBXNativeTarget section */
		6C0921701EAE29A400D1618F /* TwitterCloneAppReactive */ = {
			isa = PBXNativeTarget;
			buildConfigurationList = 6C0921991EAE29A400D1618F /* Build configuration list for PBXNativeTarget "TwitterCloneAppReactive" */;
			buildPhases = (
				20684DBC7F81EDE049586A79 /* [CP] Check Pods Manifest.lock */,
				6C09216D1EAE29A400D1618F /* Sources */,
				6C09216E1EAE29A400D1618F /* Frameworks */,
				6C09216F1EAE29A400D1618F /* Resources */,
				684410933F74D853DF90A309 /* [CP] Embed Pods Frameworks */,
				96A583182D4F3F77BADF47F0 /* [CP] Copy Pods Resources */,
			);
			buildRules = (
			);
			dependencies = (
			);
			name = TwitterCloneAppReactive;
			productName = TwitterCloneAppReactive;
			productReference = 6C0921711EAE29A400D1618F /* TwitterCloneAppReactive.app */;
			productType = "com.apple.product-type.application";
		};
		6C0921841EAE29A400D1618F /* TwitterCloneAppReactiveTests */ = {
			isa = PBXNativeTarget;
			buildConfigurationList = 6C09219C1EAE29A400D1618F /* Build configuration list for PBXNativeTarget "TwitterCloneAppReactiveTests" */;
			buildPhases = (
				3595B823A4EDD43DB1DBD07B /* [CP] Check Pods Manifest.lock */,
				6C0921811EAE29A400D1618F /* Sources */,
				6C0921821EAE29A400D1618F /* Frameworks */,
				6C0921831EAE29A400D1618F /* Resources */,
				BCA41DB60BC0F2C637554DC5 /* [CP] Embed Pods Frameworks */,
				1AF72DCF024C5B64B635FFE7 /* [CP] Copy Pods Resources */,
			);
			buildRules = (
			);
			dependencies = (
				6C0921871EAE29A400D1618F /* PBXTargetDependency */,
			);
			name = TwitterCloneAppReactiveTests;
			productName = TwitterCloneAppReactiveTests;
			productReference = 6C0921851EAE29A400D1618F /* TwitterCloneAppReactiveTests.xctest */;
			productType = "com.apple.product-type.bundle.unit-test";
		};
		6C09218F1EAE29A400D1618F /* TwitterCloneAppReactiveUITests */ = {
			isa = PBXNativeTarget;
			buildConfigurationList = 6C09219F1EAE29A400D1618F /* Build configuration list for PBXNativeTarget "TwitterCloneAppReactiveUITests" */;
			buildPhases = (
				FDA32E3082A8CE3C4C880DC3 /* [CP] Check Pods Manifest.lock */,
				6C09218C1EAE29A400D1618F /* Sources */,
				6C09218D1EAE29A400D1618F /* Frameworks */,
				6C09218E1EAE29A400D1618F /* Resources */,
				57806403BC717C9D52F379F5 /* [CP] Embed Pods Frameworks */,
				A999F70D51CAF1128383A35D /* [CP] Copy Pods Resources */,
			);
			buildRules = (
			);
			dependencies = (
				6C0921921EAE29A400D1618F /* PBXTargetDependency */,
			);
			name = TwitterCloneAppReactiveUITests;
			productName = TwitterCloneAppReactiveUITests;
			productReference = 6C0921901EAE29A400D1618F /* TwitterCloneAppReactiveUITests.xctest */;
			productType = "com.apple.product-type.bundle.ui-testing";
		};
/* End PBXNativeTarget section */

/* Begin PBXProject section */
		6C0921691EAE29A400D1618F /* Project object */ = {
			isa = PBXProject;
			attributes = {
				LastSwiftUpdateCheck = 0830;
				LastUpgradeCheck = 0830;
				ORGANIZATIONNAME = "Vladyslav Kudelia";
				TargetAttributes = {
					6C0921701EAE29A400D1618F = {
						CreatedOnToolsVersion = 8.3.2;
						DevelopmentTeam = FW5YV3C8HR;
						ProvisioningStyle = Automatic;
					};
					6C0921841EAE29A400D1618F = {
						CreatedOnToolsVersion = 8.3.2;
						DevelopmentTeam = FW5YV3C8HR;
						ProvisioningStyle = Automatic;
						TestTargetID = 6C0921701EAE29A400D1618F;
					};
					6C09218F1EAE29A400D1618F = {
						CreatedOnToolsVersion = 8.3.2;
						DevelopmentTeam = FW5YV3C8HR;
						ProvisioningStyle = Automatic;
						TestTargetID = 6C0921701EAE29A400D1618F;
					};
				};
			};
			buildConfigurationList = 6C09216C1EAE29A400D1618F /* Build configuration list for PBXProject "TwitterCloneAppReactive" */;
			compatibilityVersion = "Xcode 3.2";
			developmentRegion = English;
			hasScannedForEncodings = 0;
			knownRegions = (
				en,
				Base,
			);
			mainGroup = 6C0921681EAE29A400D1618F;
			productRefGroup = 6C0921721EAE29A400D1618F /* Products */;
			projectDirPath = "";
			projectRoot = "";
			targets = (
				6C0921701EAE29A400D1618F /* TwitterCloneAppReactive */,
				6C0921841EAE29A400D1618F /* TwitterCloneAppReactiveTests */,
				6C09218F1EAE29A400D1618F /* TwitterCloneAppReactiveUITests */,
			);
		};
/* End PBXProject section */

/* Begin PBXResourcesBuildPhase section */
		6C09216F1EAE29A400D1618F /* Resources */ = {
			isa = PBXResourcesBuildPhase;
			buildActionMask = 2147483647;
			files = (
				6C09217F1EAE29A400D1618F /* LaunchScreen.storyboard in Resources */,
				6C09217C1EAE29A400D1618F /* Assets.xcassets in Resources */,
				6C09217A1EAE29A400D1618F /* Main.storyboard in Resources */,
			);
			runOnlyForDeploymentPostprocessing = 0;
		};
		6C0921831EAE29A400D1618F /* Resources */ = {
			isa = PBXResourcesBuildPhase;
			buildActionMask = 2147483647;
			files = (
			);
			runOnlyForDeploymentPostprocessing = 0;
		};
		6C09218E1EAE29A400D1618F /* Resources */ = {
			isa = PBXResourcesBuildPhase;
			buildActionMask = 2147483647;
			files = (
			);
			runOnlyForDeploymentPostprocessing = 0;
		};
/* End PBXResourcesBuildPhase section */

/* Begin PBXShellScriptBuildPhase section */
		1AF72DCF024C5B64B635FFE7 /* [CP] Copy Pods Resources */ = {
			isa = PBXShellScriptBuildPhase;
			buildActionMask = 2147483647;
			files = (
			);
			inputPaths = (
			);
			name = "[CP] Copy Pods Resources";
			outputPaths = (
			);
			runOnlyForDeploymentPostprocessing = 0;
			shellPath = /bin/sh;
			shellScript = "\"${SRCROOT}/Pods/Target Support Files/Pods-TwitterCloneAppReactiveTests/Pods-TwitterCloneAppReactiveTests-resources.sh\"\n";
			showEnvVarsInLog = 0;
		};
		20684DBC7F81EDE049586A79 /* [CP] Check Pods Manifest.lock */ = {
			isa = PBXShellScriptBuildPhase;
			buildActionMask = 2147483647;
			files = (
			);
			inputPaths = (
			);
			name = "[CP] Check Pods Manifest.lock";
			outputPaths = (
			);
			runOnlyForDeploymentPostprocessing = 0;
			shellPath = /bin/sh;
			shellScript = "diff \"${PODS_ROOT}/../Podfile.lock\" \"${PODS_ROOT}/Manifest.lock\" > /dev/null\nif [ $? != 0 ] ; then\n    # print error to STDERR\n    echo \"error: The sandbox is not in sync with the Podfile.lock. Run 'pod install' or update your CocoaPods installation.\" >&2\n    exit 1\nfi\n";
			showEnvVarsInLog = 0;
		};
		3595B823A4EDD43DB1DBD07B /* [CP] Check Pods Manifest.lock */ = {
			isa = PBXShellScriptBuildPhase;
			buildActionMask = 2147483647;
			files = (
			);
			inputPaths = (
			);
			name = "[CP] Check Pods Manifest.lock";
			outputPaths = (
			);
			runOnlyForDeploymentPostprocessing = 0;
			shellPath = /bin/sh;
			shellScript = "diff \"${PODS_ROOT}/../Podfile.lock\" \"${PODS_ROOT}/Manifest.lock\" > /dev/null\nif [ $? != 0 ] ; then\n    # print error to STDERR\n    echo \"error: The sandbox is not in sync with the Podfile.lock. Run 'pod install' or update your CocoaPods installation.\" >&2\n    exit 1\nfi\n";
			showEnvVarsInLog = 0;
		};
		57806403BC717C9D52F379F5 /* [CP] Embed Pods Frameworks */ = {
			isa = PBXShellScriptBuildPhase;
			buildActionMask = 2147483647;
			files = (
			);
			inputPaths = (
			);
			name = "[CP] Embed Pods Frameworks";
			outputPaths = (
			);
			runOnlyForDeploymentPostprocessing = 0;
			shellPath = /bin/sh;
			shellScript = "\"${SRCROOT}/Pods/Target Support Files/Pods-TwitterCloneAppReactiveUITests/Pods-TwitterCloneAppReactiveUITests-frameworks.sh\"\n";
			showEnvVarsInLog = 0;
		};
		684410933F74D853DF90A309 /* [CP] Embed Pods Frameworks */ = {
			isa = PBXShellScriptBuildPhase;
			buildActionMask = 2147483647;
			files = (
			);
			inputPaths = (
			);
			name = "[CP] Embed Pods Frameworks";
			outputPaths = (
			);
			runOnlyForDeploymentPostprocessing = 0;
			shellPath = /bin/sh;
			shellScript = "\"${SRCROOT}/Pods/Target Support Files/Pods-TwitterCloneAppReactive/Pods-TwitterCloneAppReactive-frameworks.sh\"\n";
			showEnvVarsInLog = 0;
		};
		96A583182D4F3F77BADF47F0 /* [CP] Copy Pods Resources */ = {
			isa = PBXShellScriptBuildPhase;
			buildActionMask = 2147483647;
			files = (
			);
			inputPaths = (
			);
			name = "[CP] Copy Pods Resources";
			outputPaths = (
			);
			runOnlyForDeploymentPostprocessing = 0;
			shellPath = /bin/sh;
			shellScript = "\"${SRCROOT}/Pods/Target Support Files/Pods-TwitterCloneAppReactive/Pods-TwitterCloneAppReactive-resources.sh\"\n";
			showEnvVarsInLog = 0;
		};
		A999F70D51CAF1128383A35D /* [CP] Copy Pods Resources */ = {
			isa = PBXShellScriptBuildPhase;
			buildActionMask = 2147483647;
			files = (
			);
			inputPaths = (
			);
			name = "[CP] Copy Pods Resources";
			outputPaths = (
			);
			runOnlyForDeploymentPostprocessing = 0;
			shellPath = /bin/sh;
			shellScript = "\"${SRCROOT}/Pods/Target Support Files/Pods-TwitterCloneAppReactiveUITests/Pods-TwitterCloneAppReactiveUITests-resources.sh\"\n";
			showEnvVarsInLog = 0;
		};
		BCA41DB60BC0F2C637554DC5 /* [CP] Embed Pods Frameworks */ = {
			isa = PBXShellScriptBuildPhase;
			buildActionMask = 2147483647;
			files = (
			);
			inputPaths = (
			);
			name = "[CP] Embed Pods Frameworks";
			outputPaths = (
			);
			runOnlyForDeploymentPostprocessing = 0;
			shellPath = /bin/sh;
			shellScript = "\"${SRCROOT}/Pods/Target Support Files/Pods-TwitterCloneAppReactiveTests/Pods-TwitterCloneAppReactiveTests-frameworks.sh\"\n";
			showEnvVarsInLog = 0;
		};
		FDA32E3082A8CE3C4C880DC3 /* [CP] Check Pods Manifest.lock */ = {
			isa = PBXShellScriptBuildPhase;
			buildActionMask = 2147483647;
			files = (
			);
			inputPaths = (
			);
			name = "[CP] Check Pods Manifest.lock";
			outputPaths = (
			);
			runOnlyForDeploymentPostprocessing = 0;
			shellPath = /bin/sh;
			shellScript = "diff \"${PODS_ROOT}/../Podfile.lock\" \"${PODS_ROOT}/Manifest.lock\" > /dev/null\nif [ $? != 0 ] ; then\n    # print error to STDERR\n    echo \"error: The sandbox is not in sync with the Podfile.lock. Run 'pod install' or update your CocoaPods installation.\" >&2\n    exit 1\nfi\n";
			showEnvVarsInLog = 0;
		};
/* End PBXShellScriptBuildPhase section */

/* Begin PBXSourcesBuildPhase section */
		6C09216D1EAE29A400D1618F /* Sources */ = {
			isa = PBXSourcesBuildPhase;
			buildActionMask = 2147483647;
			files = (
				6CD9F8881EBB4CC600DC1740 /* SearchViewModel.swift in Sources */,
				6CECCE691EAF8638001BF2A3 /* HomeTableViewController.swift in Sources */,
				6CD9F8821EBB13E700DC1740 /* ConstantString.swift in Sources */,
				6C49C7C41EB36981001ED48D /* ProfileViewModel.swift in Sources */,
				6C0921A31EAE358C00D1618F /* TwitterAPIManager.swift in Sources */,
				6CECCE6C1EAF8638001BF2A3 /* SearchTableViewController.swift in Sources */,
				6C0921A71EAE3BCE00D1618F /* RealmManager.swift in Sources */,
				6CECCE621EAF85D3001BF2A3 /* TweetCell.swift in Sources */,
				6CD9F8861EBB271500DC1740 /* EntityTweetModel.swift in Sources */,
				6CFFF02B1EB0E33F00657C13 /* TweetCellViewModel.swift in Sources */,
				6CECCE6B1EAF8638001BF2A3 /* ComposeViewController.swift in Sources */,
				6CECCE641EAF85E9001BF2A3 /* TwitterTableViewDelegate.swift in Sources */,
				6CECCE6A1EAF8638001BF2A3 /* ProfileViewController.swift in Sources */,
				6CECCE6E1EAF86FB001BF2A3 /* SearchTableViewCell.swift in Sources */,
				6C0921A51EAE3AD700D1618F /* MoyaAPIManager.swift in Sources */,
				6CECCE601EAF842F001BF2A3 /* LoginViewController.swift in Sources */,
				6C41A9981EAF81FA002AF037 /* TweetModel.swift in Sources */,
				6C0921A91EAE3C0800D1618F /* UserModel.swift in Sources */,
				6CD9F8841EBB212900DC1740 /* UserTweetModel.swift in Sources */,
				6CFFF02F1EB0EB2A00657C13 /* HomeTableViewModel.swift in Sources */,
				6CFFF0291EB0DD9600657C13 /* Support.swift in Sources */,
				6C0921751EAE29A400D1618F /* AppDelegate.swift in Sources */,
			);
			runOnlyForDeploymentPostprocessing = 0;
		};
		6C0921811EAE29A400D1618F /* Sources */ = {
			isa = PBXSourcesBuildPhase;
			buildActionMask = 2147483647;
			files = (
				6C09218A1EAE29A400D1618F /* TwitterCloneAppReactiveTests.swift in Sources */,
			);
			runOnlyForDeploymentPostprocessing = 0;
		};
		6C09218C1EAE29A400D1618F /* Sources */ = {
			isa = PBXSourcesBuildPhase;
			buildActionMask = 2147483647;
			files = (
				6C0921951EAE29A400D1618F /* TwitterCloneAppReactiveUITests.swift in Sources */,
			);
			runOnlyForDeploymentPostprocessing = 0;
		};
/* End PBXSourcesBuildPhase section */

/* Begin PBXTargetDependency section */
		6C0921871EAE29A400D1618F /* PBXTargetDependency */ = {
			isa = PBXTargetDependency;
			target = 6C0921701EAE29A400D1618F /* TwitterCloneAppReactive */;
			targetProxy = 6C0921861EAE29A400D1618F /* PBXContainerItemProxy */;
		};
		6C0921921EAE29A400D1618F /* PBXTargetDependency */ = {
			isa = PBXTargetDependency;
			target = 6C0921701EAE29A400D1618F /* TwitterCloneAppReactive */;
			targetProxy = 6C0921911EAE29A400D1618F /* PBXContainerItemProxy */;
		};
/* End PBXTargetDependency section */

/* Begin PBXVariantGroup section */
		6C0921781EAE29A400D1618F /* Main.storyboard */ = {
			isa = PBXVariantGroup;
			children = (
				6C0921791EAE29A400D1618F /* Base */,
			);
			name = Main.storyboard;
			sourceTree = "<group>";
		};
		6C09217D1EAE29A400D1618F /* LaunchScreen.storyboard */ = {
			isa = PBXVariantGroup;
			children = (
				6C09217E1EAE29A400D1618F /* Base */,
			);
			name = LaunchScreen.storyboard;
			sourceTree = "<group>";
		};
/* End PBXVariantGroup section */

/* Begin XCBuildConfiguration section */
		6C0921971EAE29A400D1618F /* Debug */ = {
			isa = XCBuildConfiguration;
			buildSettings = {
				ALWAYS_SEARCH_USER_PATHS = NO;
				CLANG_ANALYZER_NONNULL = YES;
				CLANG_ANALYZER_NUMBER_OBJECT_CONVERSION = YES_AGGRESSIVE;
				CLANG_CXX_LANGUAGE_STANDARD = "gnu++0x";
				CLANG_CXX_LIBRARY = "libc++";
				CLANG_ENABLE_MODULES = YES;
				CLANG_ENABLE_OBJC_ARC = YES;
				CLANG_WARN_BOOL_CONVERSION = YES;
				CLANG_WARN_CONSTANT_CONVERSION = YES;
				CLANG_WARN_DIRECT_OBJC_ISA_USAGE = YES_ERROR;
				CLANG_WARN_DOCUMENTATION_COMMENTS = YES;
				CLANG_WARN_EMPTY_BODY = YES;
				CLANG_WARN_ENUM_CONVERSION = YES;
				CLANG_WARN_INFINITE_RECURSION = YES;
				CLANG_WARN_INT_CONVERSION = YES;
				CLANG_WARN_OBJC_ROOT_CLASS = YES_ERROR;
				CLANG_WARN_SUSPICIOUS_MOVE = YES;
				CLANG_WARN_UNREACHABLE_CODE = YES;
				CLANG_WARN__DUPLICATE_METHOD_MATCH = YES;
				"CODE_SIGN_IDENTITY[sdk=iphoneos*]" = "iPhone Developer";
				COPY_PHASE_STRIP = NO;
				DEBUG_INFORMATION_FORMAT = dwarf;
				ENABLE_STRICT_OBJC_MSGSEND = YES;
				ENABLE_TESTABILITY = YES;
				GCC_C_LANGUAGE_STANDARD = gnu99;
				GCC_DYNAMIC_NO_PIC = NO;
				GCC_NO_COMMON_BLOCKS = YES;
				GCC_OPTIMIZATION_LEVEL = 0;
				GCC_PREPROCESSOR_DEFINITIONS = (
					"DEBUG=1",
					"$(inherited)",
				);
				GCC_WARN_64_TO_32_BIT_CONVERSION = YES;
				GCC_WARN_ABOUT_RETURN_TYPE = YES_ERROR;
				GCC_WARN_UNDECLARED_SELECTOR = YES;
				GCC_WARN_UNINITIALIZED_AUTOS = YES_AGGRESSIVE;
				GCC_WARN_UNUSED_FUNCTION = YES;
				GCC_WARN_UNUSED_VARIABLE = YES;
				IPHONEOS_DEPLOYMENT_TARGET = 10.3;
				MTL_ENABLE_DEBUG_INFO = YES;
				ONLY_ACTIVE_ARCH = YES;
				SDKROOT = iphoneos;
				SWIFT_ACTIVE_COMPILATION_CONDITIONS = DEBUG;
				SWIFT_OPTIMIZATION_LEVEL = "-Onone";
				TARGETED_DEVICE_FAMILY = "1,2";
			};
			name = Debug;
		};
		6C0921981EAE29A400D1618F /* Release */ = {
			isa = XCBuildConfiguration;
			buildSettings = {
				ALWAYS_SEARCH_USER_PATHS = NO;
				CLANG_ANALYZER_NONNULL = YES;
				CLANG_ANALYZER_NUMBER_OBJECT_CONVERSION = YES_AGGRESSIVE;
				CLANG_CXX_LANGUAGE_STANDARD = "gnu++0x";
				CLANG_CXX_LIBRARY = "libc++";
				CLANG_ENABLE_MODULES = YES;
				CLANG_ENABLE_OBJC_ARC = YES;
				CLANG_WARN_BOOL_CONVERSION = YES;
				CLANG_WARN_CONSTANT_CONVERSION = YES;
				CLANG_WARN_DIRECT_OBJC_ISA_USAGE = YES_ERROR;
				CLANG_WARN_DOCUMENTATION_COMMENTS = YES;
				CLANG_WARN_EMPTY_BODY = YES;
				CLANG_WARN_ENUM_CONVERSION = YES;
				CLANG_WARN_INFINITE_RECURSION = YES;
				CLANG_WARN_INT_CONVERSION = YES;
				CLANG_WARN_OBJC_ROOT_CLASS = YES_ERROR;
				CLANG_WARN_SUSPICIOUS_MOVE = YES;
				CLANG_WARN_UNREACHABLE_CODE = YES;
				CLANG_WARN__DUPLICATE_METHOD_MATCH = YES;
				"CODE_SIGN_IDENTITY[sdk=iphoneos*]" = "iPhone Developer";
				COPY_PHASE_STRIP = NO;
				DEBUG_INFORMATION_FORMAT = "dwarf-with-dsym";
				ENABLE_NS_ASSERTIONS = NO;
				ENABLE_STRICT_OBJC_MSGSEND = YES;
				GCC_C_LANGUAGE_STANDARD = gnu99;
				GCC_NO_COMMON_BLOCKS = YES;
				GCC_WARN_64_TO_32_BIT_CONVERSION = YES;
				GCC_WARN_ABOUT_RETURN_TYPE = YES_ERROR;
				GCC_WARN_UNDECLARED_SELECTOR = YES;
				GCC_WARN_UNINITIALIZED_AUTOS = YES_AGGRESSIVE;
				GCC_WARN_UNUSED_FUNCTION = YES;
				GCC_WARN_UNUSED_VARIABLE = YES;
				IPHONEOS_DEPLOYMENT_TARGET = 10.3;
				MTL_ENABLE_DEBUG_INFO = NO;
				SDKROOT = iphoneos;
				SWIFT_OPTIMIZATION_LEVEL = "-Owholemodule";
				TARGETED_DEVICE_FAMILY = "1,2";
				VALIDATE_PRODUCT = YES;
			};
			name = Release;
		};
		6C09219A1EAE29A400D1618F /* Debug */ = {
			isa = XCBuildConfiguration;
			baseConfigurationReference = 08E22854B5534E0B7E7CCA2E /* Pods-TwitterCloneAppReactive.debug.xcconfig */;
			buildSettings = {
				ASSETCATALOG_COMPILER_APPICON_NAME = AppIcon;
				DEVELOPMENT_TEAM = FW5YV3C8HR;
				INFOPLIST_FILE = TwitterCloneAppReactive/Info.plist;
				LD_RUNPATH_SEARCH_PATHS = "$(inherited) @executable_path/Frameworks";
				PRODUCT_BUNDLE_IDENTIFIER = MyCompany.TwitterCloneAppReactive;
				PRODUCT_NAME = "$(TARGET_NAME)";
				SWIFT_VERSION = 3.0;
			};
			name = Debug;
		};
		6C09219B1EAE29A400D1618F /* Release */ = {
			isa = XCBuildConfiguration;
			baseConfigurationReference = D5AF12BD47B1285D31A5FE3C /* Pods-TwitterCloneAppReactive.release.xcconfig */;
			buildSettings = {
				ASSETCATALOG_COMPILER_APPICON_NAME = AppIcon;
				DEVELOPMENT_TEAM = FW5YV3C8HR;
				INFOPLIST_FILE = TwitterCloneAppReactive/Info.plist;
				LD_RUNPATH_SEARCH_PATHS = "$(inherited) @executable_path/Frameworks";
				PRODUCT_BUNDLE_IDENTIFIER = MyCompany.TwitterCloneAppReactive;
				PRODUCT_NAME = "$(TARGET_NAME)";
				SWIFT_VERSION = 3.0;
			};
			name = Release;
		};
		6C09219D1EAE29A400D1618F /* Debug */ = {
			isa = XCBuildConfiguration;
			baseConfigurationReference = 82AF9E47B87D263F3F790FC8 /* Pods-TwitterCloneAppReactiveTests.debug.xcconfig */;
			buildSettings = {
				ALWAYS_EMBED_SWIFT_STANDARD_LIBRARIES = YES;
				BUNDLE_LOADER = "$(TEST_HOST)";
				DEVELOPMENT_TEAM = FW5YV3C8HR;
				INFOPLIST_FILE = TwitterCloneAppReactiveTests/Info.plist;
				LD_RUNPATH_SEARCH_PATHS = "$(inherited) @executable_path/Frameworks @loader_path/Frameworks";
				PRODUCT_BUNDLE_IDENTIFIER = MyCompany.TwitterCloneAppReactiveTests;
				PRODUCT_NAME = "$(TARGET_NAME)";
				SWIFT_VERSION = 3.0;
				TEST_HOST = "$(BUILT_PRODUCTS_DIR)/TwitterCloneAppReactive.app/TwitterCloneAppReactive";
			};
			name = Debug;
		};
		6C09219E1EAE29A400D1618F /* Release */ = {
			isa = XCBuildConfiguration;
			baseConfigurationReference = A426835D83F5665775193314 /* Pods-TwitterCloneAppReactiveTests.release.xcconfig */;
			buildSettings = {
				ALWAYS_EMBED_SWIFT_STANDARD_LIBRARIES = YES;
				BUNDLE_LOADER = "$(TEST_HOST)";
				DEVELOPMENT_TEAM = FW5YV3C8HR;
				INFOPLIST_FILE = TwitterCloneAppReactiveTests/Info.plist;
				LD_RUNPATH_SEARCH_PATHS = "$(inherited) @executable_path/Frameworks @loader_path/Frameworks";
				PRODUCT_BUNDLE_IDENTIFIER = MyCompany.TwitterCloneAppReactiveTests;
				PRODUCT_NAME = "$(TARGET_NAME)";
				SWIFT_VERSION = 3.0;
				TEST_HOST = "$(BUILT_PRODUCTS_DIR)/TwitterCloneAppReactive.app/TwitterCloneAppReactive";
			};
			name = Release;
		};
		6C0921A01EAE29A400D1618F /* Debug */ = {
			isa = XCBuildConfiguration;
			baseConfigurationReference = 8D22CC554E4110C2B35D18AE /* Pods-TwitterCloneAppReactiveUITests.debug.xcconfig */;
			buildSettings = {
				ALWAYS_EMBED_SWIFT_STANDARD_LIBRARIES = YES;
				DEVELOPMENT_TEAM = FW5YV3C8HR;
				INFOPLIST_FILE = TwitterCloneAppReactiveUITests/Info.plist;
				LD_RUNPATH_SEARCH_PATHS = "$(inherited) @executable_path/Frameworks @loader_path/Frameworks";
				PRODUCT_BUNDLE_IDENTIFIER = MyCompany.TwitterCloneAppReactiveUITests;
				PRODUCT_NAME = "$(TARGET_NAME)";
				SWIFT_VERSION = 3.0;
				TEST_TARGET_NAME = TwitterCloneAppReactive;
			};
			name = Debug;
		};
		6C0921A11EAE29A400D1618F /* Release */ = {
			isa = XCBuildConfiguration;
			baseConfigurationReference = 2013C4C6DA65ADDFA349EAC3 /* Pods-TwitterCloneAppReactiveUITests.release.xcconfig */;
			buildSettings = {
				ALWAYS_EMBED_SWIFT_STANDARD_LIBRARIES = YES;
				DEVELOPMENT_TEAM = FW5YV3C8HR;
				INFOPLIST_FILE = TwitterCloneAppReactiveUITests/Info.plist;
				LD_RUNPATH_SEARCH_PATHS = "$(inherited) @executable_path/Frameworks @loader_path/Frameworks";
				PRODUCT_BUNDLE_IDENTIFIER = MyCompany.TwitterCloneAppReactiveUITests;
				PRODUCT_NAME = "$(TARGET_NAME)";
				SWIFT_VERSION = 3.0;
				TEST_TARGET_NAME = TwitterCloneAppReactive;
			};
			name = Release;
		};
/* End XCBuildConfiguration section */

/* Begin XCConfigurationList section */
		6C09216C1EAE29A400D1618F /* Build configuration list for PBXProject "TwitterCloneAppReactive" */ = {
			isa = XCConfigurationList;
			buildConfigurations = (
				6C0921971EAE29A400D1618F /* Debug */,
				6C0921981EAE29A400D1618F /* Release */,
			);
			defaultConfigurationIsVisible = 0;
			defaultConfigurationName = Release;
		};
		6C0921991EAE29A400D1618F /* Build configuration list for PBXNativeTarget "TwitterCloneAppReactive" */ = {
			isa = XCConfigurationList;
			buildConfigurations = (
				6C09219A1EAE29A400D1618F /* Debug */,
				6C09219B1EAE29A400D1618F /* Release */,
			);
			defaultConfigurationIsVisible = 0;
			defaultConfigurationName = Release;
		};
		6C09219C1EAE29A400D1618F /* Build configuration list for PBXNativeTarget "TwitterCloneAppReactiveTests" */ = {
			isa = XCConfigurationList;
			buildConfigurations = (
				6C09219D1EAE29A400D1618F /* Debug */,
				6C09219E1EAE29A400D1618F /* Release */,
			);
			defaultConfigurationIsVisible = 0;
			defaultConfigurationName = Release;
		};
		6C09219F1EAE29A400D1618F /* Build configuration list for PBXNativeTarget "TwitterCloneAppReactiveUITests" */ = {
			isa = XCConfigurationList;
			buildConfigurations = (
				6C0921A01EAE29A400D1618F /* Debug */,
				6C0921A11EAE29A400D1618F /* Release */,
			);
			defaultConfigurationIsVisible = 0;
			defaultConfigurationName = Release;
		};
/* End XCConfigurationList section */
	};
	rootObject = 6C0921691EAE29A400D1618F /* Project object */;
}
